lockfileVersion: '6.0'

settings:
  autoInstallPeers: true
  excludeLinksFromLockfile: false

devDependencies:
  prisma:
    specifier: ^5.7.0
    version: 5.7.0

packages:

  /@prisma/debug@5.7.0:
    resolution: {integrity: sha512-tZ+MOjWlVvz1kOEhNYMa4QUGURY+kgOUBqLHYIV8jmCsMuvA1tWcn7qtIMLzYWCbDcQT4ZS8xDgK0R2gl6/0wA==}
    dev: true

  /@prisma/engines-version@5.7.0-41.79fb5193cf0a8fdbef536e4b4a159cad677ab1b9:
    resolution: {integrity: sha512-V6tgRVi62jRwTm0Hglky3Scwjr/AKFBFtS+MdbsBr7UOuiu1TKLPc6xfPiyEN1+bYqjEtjxwGsHgahcJsd1rNg==}
    dev: true

  /@prisma/engines@5.7.0:
    resolution: {integrity: sha512-TkOMgMm60n5YgEKPn9erIvFX2/QuWnl3GBo6yTRyZKk5O5KQertXiNnrYgSLy0SpsKmhovEPQb+D4l0SzyE7XA==}
    requiresBuild: true
    dependencies:
      '@prisma/debug': 5.7.0
      '@prisma/engines-version': 5.7.0-41.79fb5193cf0a8fdbef536e4b4a159cad677ab1b9
      '@prisma/fetch-engine': 5.7.0
      '@prisma/get-platform': 5.7.0
    dev: true

  /@prisma/fetch-engine@5.7.0:
    resolution: {integrity: sha512-zIn/qmO+N/3FYe7/L9o+yZseIU8ivh4NdPKSkQRIHfg2QVTVMnbhGoTcecbxfVubeTp+DjcbjS0H9fCuM4W04w==}
    dependencies:
      '@prisma/debug': 5.7.0
      '@prisma/engines-version': 5.7.0-41.79fb5193cf0a8fdbef536e4b4a159cad677ab1b9
      '@prisma/get-platform': 5.7.0
    dev: true

  /@prisma/get-platform@5.7.0:
    resolution: {integrity: sha512-ZeV/Op4bZsWXuw5Tg05WwRI8BlKiRFhsixPcAM+5BKYSiUZiMKIi713tfT3drBq8+T0E1arNZgYSA9QYcglWNA==}
    dependencies:
      '@prisma/debug': 5.7.0
    dev: true

  /prisma@5.7.0:
    resolution: {integrity: sha512-0rcfXO2ErmGAtxnuTNHQT9ztL0zZheQjOI/VNJzdq87C3TlGPQtMqtM+KCwU6XtmkoEr7vbCQqA7HF9IY0ST+Q==}
    engines: {node: '>=16.13'}
    hasBin: true
    requiresBuild: true
    dependencies:
      '@prisma/engines': 5.7.0
    dev: true
